
Microsoft Visual Studio Solution File, Format Version 12.00
# Visual Studio Version 17
VisualStudioVersion = 17.8.34330.188
MinimumVisualStudioVersion = 10.0.40219.1
Project("{FAE04EC0-301F-11D3-BF4B-00C04F79EFBC}") = "Ans3", "Ans3.csproj", "{04A8F0C1-B3E6-4A2C-8F8D-7B02BDA60805}"
EndProject
Global
	GlobalSection(SolutionConfigurationPlatforms) = preSolution
		Debug|Any CPU = Debug|Any CPU
		Release|Any CPU = Release|Any CPU
	EndGlobalSection
	GlobalSection(ProjectConfigurationPlatforms) = postSolution
		{04A8F0C1-B3E6-4A2C-8F8D-7B02BDA60805}.Debug|Any CPU.ActiveCfg = Debug|Any CPU
		{04A8F0C1-B3E6-4A2C-8F8D-7B02BDA60805}.Debug|Any CPU.Build.0 = Debug|Any CPU
		{04A8F0C1-B3E6-4A2C-8F8D-7B02BDA60805}.Release|Any CPU.ActiveCfg = Release|Any CPU
		{04A8F0C1-B3E6-4A2C-8F8D-7B02BDA60805}.Release|Any CPU.Build.0 = Release|Any CPU
	EndGlobalSection
	GlobalSection(SolutionProperties) = preSolution
		HideSolutionNode = FALSE
	EndGlobalSection
	GlobalSection(ExtensibilityGlobals) = postSolution
		SolutionGuid = {096A461C-B294-40C5-A8C0-E3922D371427}
	EndGlobalSection
EndGlobal
